
Microsoft Visual Studio Solution File, Format Version 12.00
# Visual Studio Version 16
VisualStudioVersion = 16.0.30413.136
MinimumVisualStudioVersion = 10.0.40219.1
Project("{FAE04EC0-301F-11D3-BF4B-00C04F79EFBC}") = "FE", "FE\FE.csproj", "{C54E4481-3808-4F2C-934E-96323C60BC41}"
EndProject
Project("{FAE04EC0-301F-11D3-BF4B-00C04F79EFBC}") = "BA", "BA\BA.csproj", "{D994F392-BBBA-4FEB-A8F1-533F2041B25D}"
EndProject
Global
	GlobalSection(SolutionConfigurationPlatforms) = preSolution
		Debug|Any CPU = Debug|Any CPU
		Release|Any CPU = Release|Any CPU
	EndGlobalSection
	GlobalSection(ProjectConfigurationPlatforms) = postSolution
		{C54E4481-3808-4F2C-934E-96323C60BC41}.Debug|Any CPU.ActiveCfg = Debug|Any CPU
		{C54E4481-3808-4F2C-934E-96323C60BC41}.Debug|Any CPU.Build.0 = Debug|Any CPU
		{C54E4481-3808-4F2C-934E-96323C60BC41}.Release|Any CPU.ActiveCfg = Release|Any CPU
		{C54E4481-3808-4F2C-934E-96323C60BC41}.Release|Any CPU.Build.0 = Release|Any CPU
		{D994F392-BBBA-4FEB-A8F1-533F2041B25D}.Debug|Any CPU.ActiveCfg = Debug|Any CPU
		{D994F392-BBBA-4FEB-A8F1-533F2041B25D}.Debug|Any CPU.Build.0 = Debug|Any CPU
		{D994F392-BBBA-4FEB-A8F1-533F2041B25D}.Release|Any CPU.ActiveCfg = Release|Any CPU
		{D994F392-BBBA-4FEB-A8F1-533F2041B25D}.Release|Any CPU.Build.0 = Release|Any CPU
	EndGlobalSection
	GlobalSection(SolutionProperties) = preSolution
		HideSolutionNode = FALSE
	EndGlobalSection
	GlobalSection(ExtensibilityGlobals) = postSolution
		SolutionGuid = {0D4CEB5D-2E4D-42FC-8E49-367C7D7F4EA1}
	EndGlobalSection
EndGlobal
