
Microsoft Visual Studio Solution File, Format Version 12.00
# Visual Studio Version 16
VisualStudioVersion = 16.0.30523.141
MinimumVisualStudioVersion = 10.0.40219.1
Project("{FAE04EC0-301F-11D3-BF4B-00C04F79EFBC}") = "Sumador", "Sumador\Sumador.csproj", "{7F6FEF21-147D-48AB-9C4E-677402ACB987}"
EndProject
Global
	GlobalSection(SolutionConfigurationPlatforms) = preSolution
		Debug|Any CPU = Debug|Any CPU
		Release|Any CPU = Release|Any CPU
	EndGlobalSection
	GlobalSection(ProjectConfigurationPlatforms) = postSolution
		{7F6FEF21-147D-48AB-9C4E-677402ACB987}.Debug|Any CPU.ActiveCfg = Debug|Any CPU
		{7F6FEF21-147D-48AB-9C4E-677402ACB987}.Debug|Any CPU.Build.0 = Debug|Any CPU
		{7F6FEF21-147D-48AB-9C4E-677402ACB987}.Release|Any CPU.ActiveCfg = Release|Any CPU
		{7F6FEF21-147D-48AB-9C4E-677402ACB987}.Release|Any CPU.Build.0 = Release|Any CPU
	EndGlobalSection
	GlobalSection(SolutionProperties) = preSolution
		HideSolutionNode = FALSE
	EndGlobalSection
	GlobalSection(ExtensibilityGlobals) = postSolution
		SolutionGuid = {84EAE917-70B7-416D-912D-94AFEE54F2A1}
	EndGlobalSection
EndGlobal
