
Microsoft Visual Studio Solution File, Format Version 12.00
# Visual Studio Version 16
VisualStudioVersion = 16.0.30330.147
MinimumVisualStudioVersion = 10.0.40219.1
Project("{FAE04EC0-301F-11D3-BF4B-00C04F79EFBC}") = "ProyectoNuevo", "ProyectoNuevo\ProyectoNuevo.csproj", "{15579FAF-2244-481C-BC5D-9CCFD1F089DB}"
EndProject
Project("{FAE04EC0-301F-11D3-BF4B-00C04F79EFBC}") = "BackEnd", "BackEnd\BackEnd.csproj", "{19438185-7DF2-4505-B798-C014ACADA4A7}"
EndProject
Project("{FAE04EC0-301F-11D3-BF4B-00C04F79EFBC}") = "SegundoFrontEnd", "SegundoFrontEnd\SegundoFrontEnd.csproj", "{9BE5529F-D9C5-4A50-AAF1-B9E59DC3A0B5}"
EndProject
Project("{FAE04EC0-301F-11D3-BF4B-00C04F79EFBC}") = "ListaPrecio", "..\ListaPrecio\ListaPrecio\ListaPrecio.csproj", "{78A6ED02-EE47-41A0-A5C0-82D028D51FC3}"
EndProject
Global
	GlobalSection(SolutionConfigurationPlatforms) = preSolution
		Debug|Any CPU = Debug|Any CPU
		Release|Any CPU = Release|Any CPU
	EndGlobalSection
	GlobalSection(ProjectConfigurationPlatforms) = postSolution
		{15579FAF-2244-481C-BC5D-9CCFD1F089DB}.Debug|Any CPU.ActiveCfg = Debug|Any CPU
		{15579FAF-2244-481C-BC5D-9CCFD1F089DB}.Debug|Any CPU.Build.0 = Debug|Any CPU
		{15579FAF-2244-481C-BC5D-9CCFD1F089DB}.Release|Any CPU.ActiveCfg = Release|Any CPU
		{15579FAF-2244-481C-BC5D-9CCFD1F089DB}.Release|Any CPU.Build.0 = Release|Any CPU
		{19438185-7DF2-4505-B798-C014ACADA4A7}.Debug|Any CPU.ActiveCfg = Debug|Any CPU
		{19438185-7DF2-4505-B798-C014ACADA4A7}.Debug|Any CPU.Build.0 = Debug|Any CPU
		{19438185-7DF2-4505-B798-C014ACADA4A7}.Release|Any CPU.ActiveCfg = Release|Any CPU
		{19438185-7DF2-4505-B798-C014ACADA4A7}.Release|Any CPU.Build.0 = Release|Any CPU
		{9BE5529F-D9C5-4A50-AAF1-B9E59DC3A0B5}.Debug|Any CPU.ActiveCfg = Debug|Any CPU
		{9BE5529F-D9C5-4A50-AAF1-B9E59DC3A0B5}.Debug|Any CPU.Build.0 = Debug|Any CPU
		{9BE5529F-D9C5-4A50-AAF1-B9E59DC3A0B5}.Release|Any CPU.ActiveCfg = Release|Any CPU
		{9BE5529F-D9C5-4A50-AAF1-B9E59DC3A0B5}.Release|Any CPU.Build.0 = Release|Any CPU
		{78A6ED02-EE47-41A0-A5C0-82D028D51FC3}.Debug|Any CPU.ActiveCfg = Debug|Any CPU
		{78A6ED02-EE47-41A0-A5C0-82D028D51FC3}.Debug|Any CPU.Build.0 = Debug|Any CPU
		{78A6ED02-EE47-41A0-A5C0-82D028D51FC3}.Release|Any CPU.ActiveCfg = Release|Any CPU
		{78A6ED02-EE47-41A0-A5C0-82D028D51FC3}.Release|Any CPU.Build.0 = Release|Any CPU
	EndGlobalSection
	GlobalSection(SolutionProperties) = preSolution
		HideSolutionNode = FALSE
	EndGlobalSection
	GlobalSection(ExtensibilityGlobals) = postSolution
		SolutionGuid = {12E08580-58B2-4189-A999-692A2E9979FD}
	EndGlobalSection
EndGlobal
