
Microsoft Visual Studio Solution File, Format Version 12.00
# Visual Studio Version 16
VisualStudioVersion = 16.0.30104.148
MinimumVisualStudioVersion = 10.0.40219.1
Project("{FAE04EC0-301F-11D3-BF4B-00C04F79EFBC}") = "Prueba1", "Prueba1\Prueba1.csproj", "{9C559F90-8789-443D-A98C-3F69BA5C97FF}"
EndProject
Global
	GlobalSection(SolutionConfigurationPlatforms) = preSolution
		Debug|Any CPU = Debug|Any CPU
		Release|Any CPU = Release|Any CPU
	EndGlobalSection
	GlobalSection(ProjectConfigurationPlatforms) = postSolution
		{9C559F90-8789-443D-A98C-3F69BA5C97FF}.Debug|Any CPU.ActiveCfg = Debug|Any CPU
		{9C559F90-8789-443D-A98C-3F69BA5C97FF}.Debug|Any CPU.Build.0 = Debug|Any CPU
		{9C559F90-8789-443D-A98C-3F69BA5C97FF}.Release|Any CPU.ActiveCfg = Release|Any CPU
		{9C559F90-8789-443D-A98C-3F69BA5C97FF}.Release|Any CPU.Build.0 = Release|Any CPU
	EndGlobalSection
	GlobalSection(SolutionProperties) = preSolution
		HideSolutionNode = FALSE
	EndGlobalSection
	GlobalSection(ExtensibilityGlobals) = postSolution
		SolutionGuid = {557C9B02-C688-4B76-83B2-DADFC0BBACA5}
	EndGlobalSection
EndGlobal
